// !$*UTF8*$!
{
	archiveVersion = 1;
	classes = {
	};
	objectVersion = 77;
	objects = {

/* Begin PBXBuildFile section */
		8B0CBA932EA6D25800C2ADC7 /* EventBuilders.swift in Sources */ = {isa = PBXBuildFile; fileRef = 8B0CBA922EA6D25800C2ADC7 /* EventBuilders.swift */; };
		8B0CBA942EA6D35D00C2ADC7 /* EventModel.swift in Sources */ = {isa = PBXBuildFile; fileRef = 8B030E062EA15E760090D39F /* EventModel.swift */; };
		8B0CBA962EA6D44E00C2ADC7 /* MCManager.swift in Sources */ = {isa = PBXBuildFile; fileRef = 8B030E072EA15E7C0090D39F /* MCManager.swift */; };
		8B0CBA972EA6D46600C2ADC7 /* MCManager.swift in Sources */ = {isa = PBXBuildFile; fileRef = 8B030E072EA15E7C0090D39F /* MCManager.swift */; };
		8B0CBA982EA6D46C00C2ADC7 /* EventModel.swift in Sources */ = {isa = PBXBuildFile; fileRef = 8B030E062EA15E760090D39F /* EventModel.swift */; };
		8B0CBA992EA6D47300C2ADC7 /* EventBuilders.swift in Sources */ = {isa = PBXBuildFile; fileRef = 8B0CBA922EA6D25800C2ADC7 /* EventBuilders.swift */; };
		8B6CF8892EBA781800D7C218 /* GamepadCodes.swift in Sources */ = {isa = PBXBuildFile; fileRef = 8B6CF8882EBA781700D7C218 /* GamepadCodes.swift */; };
		8B6CF88A2EBA781800D7C218 /* GamepadCodes.swift in Sources */ = {isa = PBXBuildFile; fileRef = 8B6CF8882EBA781700D7C218 /* GamepadCodes.swift */; };
		D53398952EA900940049A130 /* FirebaseAnalytics in Frameworks */ = {isa = PBXBuildFile; productRef = D53398942EA900940049A130 /* FirebaseAnalytics */; };
		D53398972EA900940049A130 /* FirebaseAuth in Frameworks */ = {isa = PBXBuildFile; productRef = D53398962EA900940049A130 /* FirebaseAuth */; };
		D53398992EA900940049A130 /* FirebaseCore in Frameworks */ = {isa = PBXBuildFile; productRef = D53398982EA900940049A130 /* FirebaseCore */; };
		D53398A02EA9672E0049A130 /* GoogleSignIn in Frameworks */ = {isa = PBXBuildFile; productRef = D533989F2EA9672E0049A130 /* GoogleSignIn */; };
		D53398A22EA9672E0049A130 /* GoogleSignInSwift in Frameworks */ = {isa = PBXBuildFile; productRef = D53398A12EA9672E0049A130 /* GoogleSignInSwift */; };
		D53398A52EA967C10049A130 /* FacebookLogin in Frameworks */ = {isa = PBXBuildFile; productRef = D53398A42EA967C10049A130 /* FacebookLogin */; };
		D53398AD2EA974F20049A130 /* FirebaseAnalytics in Frameworks */ = {isa = PBXBuildFile; productRef = D53398AC2EA974F20049A130 /* FirebaseAnalytics */; };
		D53398AF2EA974F20049A130 /* FirebaseAuth in Frameworks */ = {isa = PBXBuildFile; productRef = D53398AE2EA974F20049A130 /* FirebaseAuth */; };
		D53398B12EA974F20049A130 /* FirebaseCore in Frameworks */ = {isa = PBXBuildFile; productRef = D53398B02EA974F20049A130 /* FirebaseCore */; };
		D5486AA12EBE278C00B113B9 /* FirebaseFirestore in Frameworks */ = {isa = PBXBuildFile; productRef = D5486AA02EBE278C00B113B9 /* FirebaseFirestore */; };
		D5486AA32EBE279B00B113B9 /* FirebaseFirestore in Frameworks */ = {isa = PBXBuildFile; productRef = D5486AA22EBE279B00B113B9 /* FirebaseFirestore */; };
/* End PBXBuildFile section */

/* Begin PBXContainerItemProxy section */
		8B030DEA2EA15E120090D39F /* PBXContainerItemProxy */ = {
			isa = PBXContainerItemProxy;
			containerPortal = 8B9981592E8DB89F003ADE4E /* Project object */;
			proxyType = 1;
			remoteGlobalIDString = 8B030DD82EA15E0E0090D39F;
			remoteInfo = ControlioReceiver;
		};
		8B030DF42EA15E120090D39F /* PBXContainerItemProxy */ = {
			isa = PBXContainerItemProxy;
			containerPortal = 8B9981592E8DB89F003ADE4E /* Project object */;
			proxyType = 1;
			remoteGlobalIDString = 8B030DD82EA15E0E0090D39F;
			remoteInfo = ControlioReceiver;
		};
		8B99816F2E8DB8A6003ADE4E /* PBXContainerItemProxy */ = {
			isa = PBXContainerItemProxy;
			containerPortal = 8B9981592E8DB89F003ADE4E /* Project object */;
			proxyType = 1;
			remoteGlobalIDString = 8B9981602E8DB89F003ADE4E;
			remoteInfo = Controlio;
		};
		8B9981792E8DB8A6003ADE4E /* PBXContainerItemProxy */ = {
			isa = PBXContainerItemProxy;
			containerPortal = 8B9981592E8DB89F003ADE4E /* Project object */;
			proxyType = 1;
			remoteGlobalIDString = 8B9981602E8DB89F003ADE4E;
			remoteInfo = Controlio;
		};
/* End PBXContainerItemProxy section */

/* Begin PBXFileReference section */
		8B030DD92EA15E0E0090D39F /* ControlioReceiver.app */ = {isa = PBXFileReference; explicitFileType = wrapper.application; includeInIndex = 0; path = ControlioReceiver.app; sourceTree = BUILT_PRODUCTS_DIR; };
		8B030DE92EA15E120090D39F /* ControlioReceiverTests.xctest */ = {isa = PBXFileReference; explicitFileType = wrapper.cfbundle; includeInIndex = 0; path = ControlioReceiverTests.xctest; sourceTree = BUILT_PRODUCTS_DIR; };
		8B030DF32EA15E120090D39F /* ControlioReceiverUITests.xctest */ = {isa = PBXFileReference; explicitFileType = wrapper.cfbundle; includeInIndex = 0; path = ControlioReceiverUITests.xctest; sourceTree = BUILT_PRODUCTS_DIR; };
		8B030E062EA15E760090D39F /* EventModel.swift */ = {isa = PBXFileReference; lastKnownFileType = sourcecode.swift; path = EventModel.swift; sourceTree = "<group>"; };
		8B030E072EA15E7C0090D39F /* MCManager.swift */ = {isa = PBXFileReference; lastKnownFileType = sourcecode.swift; path = MCManager.swift; sourceTree = "<group>"; };
		8B0CBA922EA6D25800C2ADC7 /* EventBuilders.swift */ = {isa = PBXFileReference; lastKnownFileType = sourcecode.swift; path = EventBuilders.swift; sourceTree = "<group>"; };
		8B6CF8882EBA781700D7C218 /* GamepadCodes.swift */ = {isa = PBXFileReference; lastKnownFileType = sourcecode.swift; path = GamepadCodes.swift; sourceTree = "<group>"; };
		8B9981612E8DB89F003ADE4E /* Controlio.app */ = {isa = PBXFileReference; explicitFileType = wrapper.application; includeInIndex = 0; path = Controlio.app; sourceTree = BUILT_PRODUCTS_DIR; };
		8B99816E2E8DB8A6003ADE4E /* ControlioTests.xctest */ = {isa = PBXFileReference; explicitFileType = wrapper.cfbundle; includeInIndex = 0; path = ControlioTests.xctest; sourceTree = BUILT_PRODUCTS_DIR; };
		8B9981782E8DB8A6003ADE4E /* ControlioUITests.xctest */ = {isa = PBXFileReference; explicitFileType = wrapper.cfbundle; includeInIndex = 0; path = ControlioUITests.xctest; sourceTree = BUILT_PRODUCTS_DIR; };
		D57158EA2EA5CDD7001BC23F /* ControlioApp.app */ = {isa = PBXFileReference; explicitFileType = wrapper.application; includeInIndex = 0; path = ControlioApp.app; sourceTree = BUILT_PRODUCTS_DIR; };
/* End PBXFileReference section */

/* Begin PBXFileSystemSynchronizedBuildFileExceptionSet section */
		8B32CDB12EA7FE7E006313F4 /* Exceptions for "Controlio" folder in "Controlio" target */ = {
			isa = PBXFileSystemSynchronizedBuildFileExceptionSet;
			membershipExceptions = (
				Info.plist,
			);
			target = 8B9981602E8DB89F003ADE4E /* Controlio */;
		};
/* End PBXFileSystemSynchronizedBuildFileExceptionSet section */

/* Begin PBXFileSystemSynchronizedRootGroup section */
		8B030DDA2EA15E0F0090D39F /* ControlioReceiver */ = {
			isa = PBXFileSystemSynchronizedRootGroup;
			path = ControlioReceiver;
			sourceTree = "<group>";
		};
		8B030DEC2EA15E120090D39F /* ControlioReceiverTests */ = {
			isa = PBXFileSystemSynchronizedRootGroup;
			path = ControlioReceiverTests;
			sourceTree = "<group>";
		};
		8B030DF62EA15E120090D39F /* ControlioReceiverUITests */ = {
			isa = PBXFileSystemSynchronizedRootGroup;
			path = ControlioReceiverUITests;
			sourceTree = "<group>";
		};
		8B9981632E8DB89F003ADE4E /* Controlio */ = {
			isa = PBXFileSystemSynchronizedRootGroup;
			exceptions = (
				8B32CDB12EA7FE7E006313F4 /* Exceptions for "Controlio" folder in "Controlio" target */,
			);
			path = Controlio;
			sourceTree = "<group>";
		};
		8B9981712E8DB8A6003ADE4E /* ControlioTests */ = {
			isa = PBXFileSystemSynchronizedRootGroup;
			path = ControlioTests;
			sourceTree = "<group>";
		};
		8B99817B2E8DB8A6003ADE4E /* ControlioUITests */ = {
			isa = PBXFileSystemSynchronizedRootGroup;
			path = ControlioUITests;
			sourceTree = "<group>";
		};
/* End PBXFileSystemSynchronizedRootGroup section */

/* Begin PBXFrameworksBuildPhase section */
		8B030DD62EA15E0E0090D39F /* Frameworks */ = {
			isa = PBXFrameworksBuildPhase;
			buildActionMask = 2147483647;
			files = (
			);
			runOnlyForDeploymentPostprocessing = 0;
		};
		8B030DE62EA15E120090D39F /* Frameworks */ = {
			isa = PBXFrameworksBuildPhase;
			buildActionMask = 2147483647;
			files = (
			);
			runOnlyForDeploymentPostprocessing = 0;
		};
		8B030DF02EA15E120090D39F /* Frameworks */ = {
			isa = PBXFrameworksBuildPhase;
			buildActionMask = 2147483647;
			files = (
			);
			runOnlyForDeploymentPostprocessing = 0;
		};
		8B99815E2E8DB89F003ADE4E /* Frameworks */ = {
			isa = PBXFrameworksBuildPhase;
			buildActionMask = 2147483647;
			files = (
				D53398A22EA9672E0049A130 /* GoogleSignInSwift in Frameworks */,
				D53398952EA900940049A130 /* FirebaseAnalytics in Frameworks */,
				D53398A52EA967C10049A130 /* FacebookLogin in Frameworks */,
				D53398A02EA9672E0049A130 /* GoogleSignIn in Frameworks */,
				D53398992EA900940049A130 /* FirebaseCore in Frameworks */,
				D53398972EA900940049A130 /* FirebaseAuth in Frameworks */,
				D5486AA12EBE278C00B113B9 /* FirebaseFirestore in Frameworks */,
			);
			runOnlyForDeploymentPostprocessing = 0;
		};
		8B99816B2E8DB8A6003ADE4E /* Frameworks */ = {
			isa = PBXFrameworksBuildPhase;
			buildActionMask = 2147483647;
			files = (
			);
			runOnlyForDeploymentPostprocessing = 0;
		};
		8B9981752E8DB8A6003ADE4E /* Frameworks */ = {
			isa = PBXFrameworksBuildPhase;
			buildActionMask = 2147483647;
			files = (
			);
			runOnlyForDeploymentPostprocessing = 0;
		};
		D57158E72EA5CDD7001BC23F /* Frameworks */ = {
			isa = PBXFrameworksBuildPhase;
			buildActionMask = 2147483647;
			files = (
				D53398AD2EA974F20049A130 /* FirebaseAnalytics in Frameworks */,
				D5486AA32EBE279B00B113B9 /* FirebaseFirestore in Frameworks */,
				D53398B12EA974F20049A130 /* FirebaseCore in Frameworks */,
				D53398AF2EA974F20049A130 /* FirebaseAuth in Frameworks */,
			);
			runOnlyForDeploymentPostprocessing = 0;
		};
/* End PBXFrameworksBuildPhase section */

/* Begin PBXGroup section */
		8B030E042EA15E520090D39F /* Shared */ = {
			isa = PBXGroup;
			children = (
				8B030E072EA15E7C0090D39F /* MCManager.swift */,
				8B030E062EA15E760090D39F /* EventModel.swift */,
				8B0CBA922EA6D25800C2ADC7 /* EventBuilders.swift */,
				8B6CF8882EBA781700D7C218 /* GamepadCodes.swift */,
			);
			path = Shared;
			sourceTree = "<group>";
		};
		8B9981582E8DB89F003ADE4E = {
			isa = PBXGroup;
			children = (
				8B030E042EA15E520090D39F /* Shared */,
				8B9981632E8DB89F003ADE4E /* Controlio */,
				8B9981712E8DB8A6003ADE4E /* ControlioTests */,
				8B99817B2E8DB8A6003ADE4E /* ControlioUITests */,
				8B030DDA2EA15E0F0090D39F /* ControlioReceiver */,
				8B030DEC2EA15E120090D39F /* ControlioReceiverTests */,
				8B030DF62EA15E120090D39F /* ControlioReceiverUITests */,
				8B9981622E8DB89F003ADE4E /* Products */,
			);
			sourceTree = "<group>";
		};
		8B9981622E8DB89F003ADE4E /* Products */ = {
			isa = PBXGroup;
			children = (
				8B9981612E8DB89F003ADE4E /* Controlio.app */,
				8B99816E2E8DB8A6003ADE4E /* ControlioTests.xctest */,
				8B9981782E8DB8A6003ADE4E /* ControlioUITests.xctest */,
				8B030DD92EA15E0E0090D39F /* ControlioReceiver.app */,
				8B030DE92EA15E120090D39F /* ControlioReceiverTests.xctest */,
				8B030DF32EA15E120090D39F /* ControlioReceiverUITests.xctest */,
				D57158EA2EA5CDD7001BC23F /* ControlioApp.app */,
			);
			name = Products;
			sourceTree = "<group>";
		};
/* End PBXGroup section */

/* Begin PBXNativeTarget section */
		8B030DD82EA15E0E0090D39F /* ControlioReceiver */ = {
			isa = PBXNativeTarget;
			buildConfigurationList = 8B030E012EA15E120090D39F /* Build configuration list for PBXNativeTarget "ControlioReceiver" */;
			buildPhases = (
				8B030DD52EA15E0E0090D39F /* Sources */,
				8B030DD62EA15E0E0090D39F /* Frameworks */,
				8B030DD72EA15E0E0090D39F /* Resources */,
			);
			buildRules = (
			);
			dependencies = (
			);
			fileSystemSynchronizedGroups = (
				8B030DDA2EA15E0F0090D39F /* ControlioReceiver */,
			);
			name = ControlioReceiver;
			packageProductDependencies = (
			);
			productName = ControlioReceiver;
			productReference = 8B030DD92EA15E0E0090D39F /* ControlioReceiver.app */;
			productType = "com.apple.product-type.application";
		};
		8B030DE82EA15E120090D39F /* ControlioReceiverTests */ = {
			isa = PBXNativeTarget;
			buildConfigurationList = 8B030E022EA15E120090D39F /* Build configuration list for PBXNativeTarget "ControlioReceiverTests" */;
			buildPhases = (
				8B030DE52EA15E120090D39F /* Sources */,
				8B030DE62EA15E120090D39F /* Frameworks */,
				8B030DE72EA15E120090D39F /* Resources */,
			);
			buildRules = (
			);
			dependencies = (
				8B030DEB2EA15E120090D39F /* PBXTargetDependency */,
			);
			fileSystemSynchronizedGroups = (
				8B030DEC2EA15E120090D39F /* ControlioReceiverTests */,
			);
			name = ControlioReceiverTests;
			packageProductDependencies = (
			);
			productName = ControlioReceiverTests;
			productReference = 8B030DE92EA15E120090D39F /* ControlioReceiverTests.xctest */;
			productType = "com.apple.product-type.bundle.unit-test";
		};
		8B030DF22EA15E120090D39F /* ControlioReceiverUITests */ = {
			isa = PBXNativeTarget;
			buildConfigurationList = 8B030E032EA15E120090D39F /* Build configuration list for PBXNativeTarget "ControlioReceiverUITests" */;
			buildPhases = (
				8B030DEF2EA15E120090D39F /* Sources */,
				8B030DF02EA15E120090D39F /* Frameworks */,
				8B030DF12EA15E120090D39F /* Resources */,
			);
			buildRules = (
			);
			dependencies = (
				8B030DF52EA15E120090D39F /* PBXTargetDependency */,
			);
			fileSystemSynchronizedGroups = (
				8B030DF62EA15E120090D39F /* ControlioReceiverUITests */,
			);
			name = ControlioReceiverUITests;
			packageProductDependencies = (
			);
			productName = ControlioReceiverUITests;
			productReference = 8B030DF32EA15E120090D39F /* ControlioReceiverUITests.xctest */;
			productType = "com.apple.product-type.bundle.ui-testing";
		};
		8B9981602E8DB89F003ADE4E /* Controlio */ = {
			isa = PBXNativeTarget;
			buildConfigurationList = 8B9981822E8DB8A6003ADE4E /* Build configuration list for PBXNativeTarget "Controlio" */;
			buildPhases = (
				8B99815D2E8DB89F003ADE4E /* Sources */,
				8B99815E2E8DB89F003ADE4E /* Frameworks */,
				8B99815F2E8DB89F003ADE4E /* Resources */,
			);
			buildRules = (
			);
			dependencies = (
			);
			fileSystemSynchronizedGroups = (
				8B9981632E8DB89F003ADE4E /* Controlio */,
			);
			name = Controlio;
			packageProductDependencies = (
				D53398942EA900940049A130 /* FirebaseAnalytics */,
				D53398962EA900940049A130 /* FirebaseAuth */,
				D53398982EA900940049A130 /* FirebaseCore */,
				D533989F2EA9672E0049A130 /* GoogleSignIn */,
				D53398A12EA9672E0049A130 /* GoogleSignInSwift */,
				D53398A42EA967C10049A130 /* FacebookLogin */,
				D5486AA02EBE278C00B113B9 /* FirebaseFirestore */,
			);
			productName = Controlio;
			productReference = 8B9981612E8DB89F003ADE4E /* Controlio.app */;
			productType = "com.apple.product-type.application";
		};
		8B99816D2E8DB8A6003ADE4E /* ControlioTests */ = {
			isa = PBXNativeTarget;
			buildConfigurationList = 8B9981852E8DB8A6003ADE4E /* Build configuration list for PBXNativeTarget "ControlioTests" */;
			buildPhases = (
				8B99816A2E8DB8A6003ADE4E /* Sources */,
				8B99816B2E8DB8A6003ADE4E /* Frameworks */,
				8B99816C2E8DB8A6003ADE4E /* Resources */,
			);
			buildRules = (
			);
			dependencies = (
				8B9981702E8DB8A6003ADE4E /* PBXTargetDependency */,
			);
			fileSystemSynchronizedGroups = (
				8B9981712E8DB8A6003ADE4E /* ControlioTests */,
			);
			name = ControlioTests;
			packageProductDependencies = (
			);
			productName = ControlioTests;
			productReference = 8B99816E2E8DB8A6003ADE4E /* ControlioTests.xctest */;
			productType = "com.apple.product-type.bundle.unit-test";
		};
		8B9981772E8DB8A6003ADE4E /* ControlioUITests */ = {
			isa = PBXNativeTarget;
			buildConfigurationList = 8B9981882E8DB8A6003ADE4E /* Build configuration list for PBXNativeTarget "ControlioUITests" */;
			buildPhases = (
				8B9981742E8DB8A6003ADE4E /* Sources */,
				8B9981752E8DB8A6003ADE4E /* Frameworks */,
				8B9981762E8DB8A6003ADE4E /* Resources */,
			);
			buildRules = (
			);
			dependencies = (
				8B99817A2E8DB8A6003ADE4E /* PBXTargetDependency */,
			);
			fileSystemSynchronizedGroups = (
				8B99817B2E8DB8A6003ADE4E /* ControlioUITests */,
			);
			name = ControlioUITests;
			packageProductDependencies = (
			);
			productName = ControlioUITests;
			productReference = 8B9981782E8DB8A6003ADE4E /* ControlioUITests.xctest */;
			productType = "com.apple.product-type.bundle.ui-testing";
		};
		D57158E92EA5CDD7001BC23F /* ControlioApp */ = {
			isa = PBXNativeTarget;
			buildConfigurationList = D57158F22EA5CDD8001BC23F /* Build configuration list for PBXNativeTarget "ControlioApp" */;
			buildPhases = (
				D57158E62EA5CDD7001BC23F /* Sources */,
				D57158E72EA5CDD7001BC23F /* Frameworks */,
				D57158E82EA5CDD7001BC23F /* Resources */,
			);
			buildRules = (
			);
			dependencies = (
			);
			name = ControlioApp;
			packageProductDependencies = (
				D53398AC2EA974F20049A130 /* FirebaseAnalytics */,
				D53398AE2EA974F20049A130 /* FirebaseAuth */,
				D53398B02EA974F20049A130 /* FirebaseCore */,
				D5486AA22EBE279B00B113B9 /* FirebaseFirestore */,
			);
			productName = ControlioApp;
			productReference = D57158EA2EA5CDD7001BC23F /* ControlioApp.app */;
			productType = "com.apple.product-type.application";
		};
/* End PBXNativeTarget section */

/* Begin PBXProject section */
		8B9981592E8DB89F003ADE4E /* Project object */ = {
			isa = PBXProject;
			attributes = {
				BuildIndependentTargetsInParallel = 1;
				LastSwiftUpdateCheck = 1640;
				LastUpgradeCheck = 1640;
				TargetAttributes = {
					8B030DD82EA15E0E0090D39F = {
						CreatedOnToolsVersion = 16.4;
					};
					8B030DE82EA15E120090D39F = {
						CreatedOnToolsVersion = 16.4;
						TestTargetID = 8B030DD82EA15E0E0090D39F;
					};
					8B030DF22EA15E120090D39F = {
						CreatedOnToolsVersion = 16.4;
						TestTargetID = 8B030DD82EA15E0E0090D39F;
					};
					8B9981602E8DB89F003ADE4E = {
						CreatedOnToolsVersion = 16.4;
					};
					8B99816D2E8DB8A6003ADE4E = {
						CreatedOnToolsVersion = 16.4;
						TestTargetID = 8B9981602E8DB89F003ADE4E;
					};
					8B9981772E8DB8A6003ADE4E = {
						CreatedOnToolsVersion = 16.4;
						TestTargetID = 8B9981602E8DB89F003ADE4E;
					};
					D57158E92EA5CDD7001BC23F = {
						CreatedOnToolsVersion = 16.4;
					};
				};
			};
			buildConfigurationList = 8B99815C2E8DB89F003ADE4E /* Build configuration list for PBXProject "Controlio" */;
			developmentRegion = en;
			hasScannedForEncodings = 0;
			knownRegions = (
				en,
				Base,
				es,
				fr,
			);
			mainGroup = 8B9981582E8DB89F003ADE4E;
			minimizedProjectReferenceProxies = 1;
			packageReferences = (
				D53398932EA900940049A130 /* XCRemoteSwiftPackageReference "firebase-ios-sdk" */,
				D533989E2EA9672E0049A130 /* XCRemoteSwiftPackageReference "GoogleSignIn-iOS" */,
				D53398A32EA967C10049A130 /* XCRemoteSwiftPackageReference "facebook-ios-sdk" */,
			);
			preferredProjectObjectVersion = 77;
			productRefGroup = 8B9981622E8DB89F003ADE4E /* Products */;
			projectDirPath = "";
			projectRoot = "";
			targets = (
				8B9981602E8DB89F003ADE4E /* Controlio */,
				8B99816D2E8DB8A6003ADE4E /* ControlioTests */,
				8B9981772E8DB8A6003ADE4E /* ControlioUITests */,
				8B030DD82EA15E0E0090D39F /* ControlioReceiver */,
				8B030DE82EA15E120090D39F /* ControlioReceiverTests */,
				8B030DF22EA15E120090D39F /* ControlioReceiverUITests */,
				D57158E92EA5CDD7001BC23F /* ControlioApp */,
			);
		};
/* End PBXProject section */

/* Begin PBXResourcesBuildPhase section */
		8B030DD72EA15E0E0090D39F /* Resources */ = {
			isa = PBXResourcesBuildPhase;
			buildActionMask = 2147483647;
			files = (
			);
			runOnlyForDeploymentPostprocessing = 0;
		};
		8B030DE72EA15E120090D39F /* Resources */ = {
			isa = PBXResourcesBuildPhase;
			buildActionMask = 2147483647;
			files = (
			);
			runOnlyForDeploymentPostprocessing = 0;
		};
		8B030DF12EA15E120090D39F /* Resources */ = {
			isa = PBXResourcesBuildPhase;
			buildActionMask = 2147483647;
			files = (
			);
			runOnlyForDeploymentPostprocessing = 0;
		};
		8B99815F2E8DB89F003ADE4E /* Resources */ = {
			isa = PBXResourcesBuildPhase;
			buildActionMask = 2147483647;
			files = (
			);
			runOnlyForDeploymentPostprocessing = 0;
		};
		8B99816C2E8DB8A6003ADE4E /* Resources */ = {
			isa = PBXResourcesBuildPhase;
			buildActionMask = 2147483647;
			files = (
			);
			runOnlyForDeploymentPostprocessing = 0;
		};
		8B9981762E8DB8A6003ADE4E /* Resources */ = {
			isa = PBXResourcesBuildPhase;
			buildActionMask = 2147483647;
			files = (
			);
			runOnlyForDeploymentPostprocessing = 0;
		};
		D57158E82EA5CDD7001BC23F /* Resources */ = {
			isa = PBXResourcesBuildPhase;
			buildActionMask = 2147483647;
			files = (
			);
			runOnlyForDeploymentPostprocessing = 0;
		};
/* End PBXResourcesBuildPhase section */

/* Begin PBXSourcesBuildPhase section */
		8B030DD52EA15E0E0090D39F /* Sources */ = {
			isa = PBXSourcesBuildPhase;
			buildActionMask = 2147483647;
			files = (
				8B0CBA982EA6D46C00C2ADC7 /* EventModel.swift in Sources */,
				8B6CF88A2EBA781800D7C218 /* GamepadCodes.swift in Sources */,
				8B0CBA972EA6D46600C2ADC7 /* MCManager.swift in Sources */,
				8B0CBA992EA6D47300C2ADC7 /* EventBuilders.swift in Sources */,
			);
			runOnlyForDeploymentPostprocessing = 0;
		};
		8B030DE52EA15E120090D39F /* Sources */ = {
			isa = PBXSourcesBuildPhase;
			buildActionMask = 2147483647;
			files = (
			);
			runOnlyForDeploymentPostprocessing = 0;
		};
		8B030DEF2EA15E120090D39F /* Sources */ = {
			isa = PBXSourcesBuildPhase;
			buildActionMask = 2147483647;
			files = (
			);
			runOnlyForDeploymentPostprocessing = 0;
		};
		8B99815D2E8DB89F003ADE4E /* Sources */ = {
			isa = PBXSourcesBuildPhase;
			buildActionMask = 2147483647;
			files = (
				8B0CBA942EA6D35D00C2ADC7 /* EventModel.swift in Sources */,
				8B6CF8892EBA781800D7C218 /* GamepadCodes.swift in Sources */,
				8B0CBA932EA6D25800C2ADC7 /* EventBuilders.swift in Sources */,
				8B0CBA962EA6D44E00C2ADC7 /* MCManager.swift in Sources */,
			);
			runOnlyForDeploymentPostprocessing = 0;
		};
		8B99816A2E8DB8A6003ADE4E /* Sources */ = {
			isa = PBXSourcesBuildPhase;
			buildActionMask = 2147483647;
			files = (
			);
			runOnlyForDeploymentPostprocessing = 0;
		};
		8B9981742E8DB8A6003ADE4E /* Sources */ = {
			isa = PBXSourcesBuildPhase;
			buildActionMask = 2147483647;
			files = (
			);
			runOnlyForDeploymentPostprocessing = 0;
		};
		D57158E62EA5CDD7001BC23F /* Sources */ = {
			isa = PBXSourcesBuildPhase;
			buildActionMask = 2147483647;
			files = (
			);
			runOnlyForDeploymentPostprocessing = 0;
		};
/* End PBXSourcesBuildPhase section */

/* Begin PBXTargetDependency section */
		8B030DEB2EA15E120090D39F /* PBXTargetDependency */ = {
			isa = PBXTargetDependency;
			target = 8B030DD82EA15E0E0090D39F /* ControlioReceiver */;
			targetProxy = 8B030DEA2EA15E120090D39F /* PBXContainerItemProxy */;
		};
		8B030DF52EA15E120090D39F /* PBXTargetDependency */ = {
			isa = PBXTargetDependency;
			target = 8B030DD82EA15E0E0090D39F /* ControlioReceiver */;
			targetProxy = 8B030DF42EA15E120090D39F /* PBXContainerItemProxy */;
		};
		8B9981702E8DB8A6003ADE4E /* PBXTargetDependency */ = {
			isa = PBXTargetDependency;
			target = 8B9981602E8DB89F003ADE4E /* Controlio */;
			targetProxy = 8B99816F2E8DB8A6003ADE4E /* PBXContainerItemProxy */;
		};
		8B99817A2E8DB8A6003ADE4E /* PBXTargetDependency */ = {
			isa = PBXTargetDependency;
			target = 8B9981602E8DB89F003ADE4E /* Controlio */;
			targetProxy = 8B9981792E8DB8A6003ADE4E /* PBXContainerItemProxy */;
		};
/* End PBXTargetDependency section */

/* Begin XCBuildConfiguration section */
		8B030DFB2EA15E120090D39F /* Debug */ = {
			isa = XCBuildConfiguration;
			buildSettings = {
				ASSETCATALOG_COMPILER_APPICON_NAME = AppIcon;
				ASSETCATALOG_COMPILER_GLOBAL_ACCENT_COLOR_NAME = AccentColor;
				CODE_SIGN_ENTITLEMENTS = ControlioReceiver/ControlioReceiver.entitlements;
				CODE_SIGN_STYLE = Automatic;
				COMBINE_HIDPI_IMAGES = YES;
				CURRENT_PROJECT_VERSION = 1;
				GENERATE_INFOPLIST_FILE = YES;
				INFOPLIST_KEY_NSHumanReadableCopyright = "";
				INFOPLIST_KEY_NSMainStoryboardFile = "";
				INFOPLIST_KEY_NSPrincipalClass = NSApplication;
				LD_RUNPATH_SEARCH_PATHS = (
					"$(inherited)",
					"@executable_path/../Frameworks",
				);
				MACOSX_DEPLOYMENT_TARGET = 15.5;
				MARKETING_VERSION = 1.0;
				PRODUCT_BUNDLE_IDENTIFIER = group14.ControlioReceiver;
				PRODUCT_NAME = "$(TARGET_NAME)";
				REGISTER_APP_GROUPS = YES;
				SDKROOT = macosx;
				SWIFT_EMIT_LOC_STRINGS = YES;
				SWIFT_VERSION = 5.0;
			};
			name = Debug;
		};
		8B030DFC2EA15E120090D39F /* Release */ = {
			isa = XCBuildConfiguration;
			buildSettings = {
				ASSETCATALOG_COMPILER_APPICON_NAME = AppIcon;
				ASSETCATALOG_COMPILER_GLOBAL_ACCENT_COLOR_NAME = AccentColor;
				CODE_SIGN_ENTITLEMENTS = ControlioReceiver/ControlioReceiver.entitlements;
				CODE_SIGN_STYLE = Automatic;
				COMBINE_HIDPI_IMAGES = YES;
				CURRENT_PROJECT_VERSION = 1;
				GENERATE_INFOPLIST_FILE = YES;
				INFOPLIST_KEY_NSHumanReadableCopyright = "";
				INFOPLIST_KEY_NSMainStoryboardFile = "";
				INFOPLIST_KEY_NSPrincipalClass = NSApplication;
				LD_RUNPATH_SEARCH_PATHS = (
					"$(inherited)",
					"@executable_path/../Frameworks",
				);
				MACOSX_DEPLOYMENT_TARGET = 15.5;
				MARKETING_VERSION = 1.0;
				PRODUCT_BUNDLE_IDENTIFIER = group14.ControlioReceiver;
				PRODUCT_NAME = "$(TARGET_NAME)";
				REGISTER_APP_GROUPS = YES;
				SDKROOT = macosx;
				SWIFT_EMIT_LOC_STRINGS = YES;
				SWIFT_VERSION = 5.0;
			};
			name = Release;
		};
		8B030DFD2EA15E120090D39F /* Debug */ = {
			isa = XCBuildConfiguration;
			buildSettings = {
				BUNDLE_LOADER = "$(TEST_HOST)";
				CODE_SIGN_STYLE = Automatic;
				CURRENT_PROJECT_VERSION = 1;
				GENERATE_INFOPLIST_FILE = YES;
				MACOSX_DEPLOYMENT_TARGET = 15.5;
				MARKETING_VERSION = 1.0;
				PRODUCT_BUNDLE_IDENTIFIER = group14.ControlioReceiverTests;
				PRODUCT_NAME = "$(TARGET_NAME)";
				SDKROOT = macosx;
				SWIFT_EMIT_LOC_STRINGS = NO;
				SWIFT_VERSION = 5.0;
				TEST_HOST = "$(BUILT_PRODUCTS_DIR)/ControlioReceiver.app/$(BUNDLE_EXECUTABLE_FOLDER_PATH)/ControlioReceiver";
			};
			name = Debug;
		};
		8B030DFE2EA15E120090D39F /* Release */ = {
			isa = XCBuildConfiguration;
			buildSettings = {
				BUNDLE_LOADER = "$(TEST_HOST)";
				CODE_SIGN_STYLE = Automatic;
				CURRENT_PROJECT_VERSION = 1;
				GENERATE_INFOPLIST_FILE = YES;
				MACOSX_DEPLOYMENT_TARGET = 15.5;
				MARKETING_VERSION = 1.0;
				PRODUCT_BUNDLE_IDENTIFIER = group14.ControlioReceiverTests;
				PRODUCT_NAME = "$(TARGET_NAME)";
				SDKROOT = macosx;
				SWIFT_EMIT_LOC_STRINGS = NO;
				SWIFT_VERSION = 5.0;
				TEST_HOST = "$(BUILT_PRODUCTS_DIR)/ControlioReceiver.app/$(BUNDLE_EXECUTABLE_FOLDER_PATH)/ControlioReceiver";
			};
			name = Release;
		};
		8B030DFF2EA15E120090D39F /* Debug */ = {
			isa = XCBuildConfiguration;
			buildSettings = {
				CODE_SIGN_STYLE = Automatic;
				CURRENT_PROJECT_VERSION = 1;
				GENERATE_INFOPLIST_FILE = YES;
				MACOSX_DEPLOYMENT_TARGET = 15.5;
				MARKETING_VERSION = 1.0;
				PRODUCT_BUNDLE_IDENTIFIER = group14.ControlioReceiverUITests;
				PRODUCT_NAME = "$(TARGET_NAME)";
				SDKROOT = macosx;
				SWIFT_EMIT_LOC_STRINGS = NO;
				SWIFT_VERSION = 5.0;
				TEST_TARGET_NAME = ControlioReceiver;
			};
			name = Debug;
		};
		8B030E002EA15E120090D39F /* Release */ = {
			isa = XCBuildConfiguration;
			buildSettings = {
				CODE_SIGN_STYLE = Automatic;
				CURRENT_PROJECT_VERSION = 1;
				GENERATE_INFOPLIST_FILE = YES;
				MACOSX_DEPLOYMENT_TARGET = 15.5;
				MARKETING_VERSION = 1.0;
				PRODUCT_BUNDLE_IDENTIFIER = group14.ControlioReceiverUITests;
				PRODUCT_NAME = "$(TARGET_NAME)";
				SDKROOT = macosx;
				SWIFT_EMIT_LOC_STRINGS = NO;
				SWIFT_VERSION = 5.0;
				TEST_TARGET_NAME = ControlioReceiver;
			};
			name = Release;
		};
		8B9981802E8DB8A6003ADE4E /* Debug */ = {
			isa = XCBuildConfiguration;
			buildSettings = {
				ALWAYS_SEARCH_USER_PATHS = NO;
				ASSETCATALOG_COMPILER_GENERATE_SWIFT_ASSET_SYMBOL_EXTENSIONS = YES;
				CLANG_ANALYZER_NONNULL = YES;
				CLANG_ANALYZER_NUMBER_OBJECT_CONVERSION = YES_AGGRESSIVE;
				CLANG_CXX_LANGUAGE_STANDARD = "gnu++20";
				CLANG_ENABLE_MODULES = YES;
				CLANG_ENABLE_OBJC_ARC = YES;
				CLANG_ENABLE_OBJC_WEAK = YES;
				CLANG_WARN_BLOCK_CAPTURE_AUTORELEASING = YES;
				CLANG_WARN_BOOL_CONVERSION = YES;
				CLANG_WARN_COMMA = YES;
				CLANG_WARN_CONSTANT_CONVERSION = YES;
				CLANG_WARN_DEPRECATED_OBJC_IMPLEMENTATIONS = YES;
				CLANG_WARN_DIRECT_OBJC_ISA_USAGE = YES_ERROR;
				CLANG_WARN_DOCUMENTATION_COMMENTS = YES;
				CLANG_WARN_EMPTY_BODY = YES;
				CLANG_WARN_ENUM_CONVERSION = YES;
				CLANG_WARN_INFINITE_RECURSION = YES;
				CLANG_WARN_INT_CONVERSION = YES;
				CLANG_WARN_NON_LITERAL_NULL_CONVERSION = YES;
				CLANG_WARN_OBJC_IMPLICIT_RETAIN_SELF = YES;
				CLANG_WARN_OBJC_LITERAL_CONVERSION = YES;
				CLANG_WARN_OBJC_ROOT_CLASS = YES_ERROR;
				CLANG_WARN_QUOTED_INCLUDE_IN_FRAMEWORK_HEADER = YES;
				CLANG_WARN_RANGE_LOOP_ANALYSIS = YES;
				CLANG_WARN_STRICT_PROTOTYPES = YES;
				CLANG_WARN_SUSPICIOUS_MOVE = YES;
				CLANG_WARN_UNGUARDED_AVAILABILITY = YES_AGGRESSIVE;
				CLANG_WARN_UNREACHABLE_CODE = YES;
				CLANG_WARN__DUPLICATE_METHOD_MATCH = YES;
				COPY_PHASE_STRIP = NO;
				DEBUG_INFORMATION_FORMAT = dwarf;
				ENABLE_STRICT_OBJC_MSGSEND = YES;
				ENABLE_TESTABILITY = YES;
				ENABLE_USER_SCRIPT_SANDBOXING = YES;
				GCC_C_LANGUAGE_STANDARD = gnu17;
				GCC_DYNAMIC_NO_PIC = NO;
				GCC_NO_COMMON_BLOCKS = YES;
				GCC_OPTIMIZATION_LEVEL = 0;
				GCC_PREPROCESSOR_DEFINITIONS = (
					"DEBUG=1",
					"$(inherited)",
				);
				GCC_WARN_64_TO_32_BIT_CONVERSION = YES;
				GCC_WARN_ABOUT_RETURN_TYPE = YES_ERROR;
				GCC_WARN_UNDECLARED_SELECTOR = YES;
				GCC_WARN_UNINITIALIZED_AUTOS = YES_AGGRESSIVE;
				GCC_WARN_UNUSED_FUNCTION = YES;
				GCC_WARN_UNUSED_VARIABLE = YES;
				IPHONEOS_DEPLOYMENT_TARGET = 18.5;
				LOCALIZATION_PREFERS_STRING_CATALOGS = YES;
				MTL_ENABLE_DEBUG_INFO = INCLUDE_SOURCE;
				MTL_FAST_MATH = YES;
				ONLY_ACTIVE_ARCH = YES;
				SDKROOT = iphoneos;
				SWIFT_ACTIVE_COMPILATION_CONDITIONS = "DEBUG $(inherited)";
				SWIFT_EMIT_LOC_STRINGS = YES;
				SWIFT_OPTIMIZATION_LEVEL = "-Onone";
			};
			name = Debug;
		};
		8B9981812E8DB8A6003ADE4E /* Release */ = {
			isa = XCBuildConfiguration;
			buildSettings = {
				ALWAYS_SEARCH_USER_PATHS = NO;
				ASSETCATALOG_COMPILER_GENERATE_SWIFT_ASSET_SYMBOL_EXTENSIONS = YES;
				CLANG_ANALYZER_NONNULL = YES;
				CLANG_ANALYZER_NUMBER_OBJECT_CONVERSION = YES_AGGRESSIVE;
				CLANG_CXX_LANGUAGE_STANDARD = "gnu++20";
				CLANG_ENABLE_MODULES = YES;
				CLANG_ENABLE_OBJC_ARC = YES;
				CLANG_ENABLE_OBJC_WEAK = YES;
				CLANG_WARN_BLOCK_CAPTURE_AUTORELEASING = YES;
				CLANG_WARN_BOOL_CONVERSION = YES;
				CLANG_WARN_COMMA = YES;
				CLANG_WARN_CONSTANT_CONVERSION = YES;
				CLANG_WARN_DEPRECATED_OBJC_IMPLEMENTATIONS = YES;
				CLANG_WARN_DIRECT_OBJC_ISA_USAGE = YES_ERROR;
				CLANG_WARN_DOCUMENTATION_COMMENTS = YES;
				CLANG_WARN_EMPTY_BODY = YES;
				CLANG_WARN_ENUM_CONVERSION = YES;
				CLANG_WARN_INFINITE_RECURSION = YES;
				CLANG_WARN_INT_CONVERSION = YES;
				CLANG_WARN_NON_LITERAL_NULL_CONVERSION = YES;
				CLANG_WARN_OBJC_IMPLICIT_RETAIN_SELF = YES;
				CLANG_WARN_OBJC_LITERAL_CONVERSION = YES;
				CLANG_WARN_OBJC_ROOT_CLASS = YES_ERROR;
				CLANG_WARN_QUOTED_INCLUDE_IN_FRAMEWORK_HEADER = YES;
				CLANG_WARN_RANGE_LOOP_ANALYSIS = YES;
				CLANG_WARN_STRICT_PROTOTYPES = YES;
				CLANG_WARN_SUSPICIOUS_MOVE = YES;
				CLANG_WARN_UNGUARDED_AVAILABILITY = YES_AGGRESSIVE;
				CLANG_WARN_UNREACHABLE_CODE = YES;
				CLANG_WARN__DUPLICATE_METHOD_MATCH = YES;
				COPY_PHASE_STRIP = NO;
				DEBUG_INFORMATION_FORMAT = "dwarf-with-dsym";
				ENABLE_NS_ASSERTIONS = NO;
				ENABLE_STRICT_OBJC_MSGSEND = YES;
				ENABLE_USER_SCRIPT_SANDBOXING = YES;
				GCC_C_LANGUAGE_STANDARD = gnu17;
				GCC_NO_COMMON_BLOCKS = YES;
				GCC_WARN_64_TO_32_BIT_CONVERSION = YES;
				GCC_WARN_ABOUT_RETURN_TYPE = YES_ERROR;
				GCC_WARN_UNDECLARED_SELECTOR = YES;
				GCC_WARN_UNINITIALIZED_AUTOS = YES_AGGRESSIVE;
				GCC_WARN_UNUSED_FUNCTION = YES;
				GCC_WARN_UNUSED_VARIABLE = YES;
				IPHONEOS_DEPLOYMENT_TARGET = 18.5;
				LOCALIZATION_PREFERS_STRING_CATALOGS = YES;
				MTL_ENABLE_DEBUG_INFO = NO;
				MTL_FAST_MATH = YES;
				SDKROOT = iphoneos;
				SWIFT_COMPILATION_MODE = wholemodule;
				SWIFT_EMIT_LOC_STRINGS = YES;
				VALIDATE_PRODUCT = YES;
			};
			name = Release;
		};
		8B9981832E8DB8A6003ADE4E /* Debug */ = {
			isa = XCBuildConfiguration;
			buildSettings = {
				ASSETCATALOG_COMPILER_APPICON_NAME = AppIcon;
				ASSETCATALOG_COMPILER_GLOBAL_ACCENT_COLOR_NAME = AccentColor;
				CODE_SIGN_STYLE = Automatic;
				CURRENT_PROJECT_VERSION = 1;
				DEVELOPMENT_TEAM = H6G73RBXM9;
				ENABLE_PREVIEWS = YES;
				GENERATE_INFOPLIST_FILE = YES;
				INFOPLIST_FILE = Controlio/Info.plist;
				INFOPLIST_KEY_NSLocalNetworkUsageDescription = "Controlio uses the local network to discover and connect to your Mac.";
				INFOPLIST_KEY_UIApplicationSceneManifest_Generation = YES;
				INFOPLIST_KEY_UIApplicationSupportsIndirectInputEvents = YES;
				INFOPLIST_KEY_UILaunchScreen_Generation = YES;
				INFOPLIST_KEY_UISupportedInterfaceOrientations_iPad = "UIInterfaceOrientationPortrait UIInterfaceOrientationPortraitUpsideDown UIInterfaceOrientationLandscapeLeft UIInterfaceOrientationLandscapeRight";
				INFOPLIST_KEY_UISupportedInterfaceOrientations_iPhone = "UIInterfaceOrientationPortrait UIInterfaceOrientationLandscapeLeft UIInterfaceOrientationLandscapeRight";
				LD_RUNPATH_SEARCH_PATHS = (
					"$(inherited)",
					"@executable_path/Frameworks",
				);
				MARKETING_VERSION = 1.0;
				PRODUCT_BUNDLE_IDENTIFIER = group14.Controlio;
				PRODUCT_NAME = "$(TARGET_NAME)";
				SWIFT_EMIT_LOC_STRINGS = YES;
				SWIFT_VERSION = 5.0;
				TARGETED_DEVICE_FAMILY = "1,2";
			};
			name = Debug;
		};
		8B9981842E8DB8A6003ADE4E /* Release */ = {
			isa = XCBuildConfiguration;
			buildSettings = {
				ASSETCATALOG_COMPILER_APPICON_NAME = AppIcon;
				ASSETCATALOG_COMPILER_GLOBAL_ACCENT_COLOR_NAME = AccentColor;
				CODE_SIGN_STYLE = Automatic;
				CURRENT_PROJECT_VERSION = 1;
				DEVELOPMENT_TEAM = H6G73RBXM9;
				ENABLE_PREVIEWS = YES;
				GENERATE_INFOPLIST_FILE = YES;
				INFOPLIST_FILE = Controlio/Info.plist;
				INFOPLIST_KEY_NSLocalNetworkUsageDescription = "Controlio uses the local network to discover and connect to your Mac.";
				INFOPLIST_KEY_UIApplicationSceneManifest_Generation = YES;
				INFOPLIST_KEY_UIApplicationSupportsIndirectInputEvents = YES;
				INFOPLIST_KEY_UILaunchScreen_Generation = YES;
				INFOPLIST_KEY_UISupportedInterfaceOrientations_iPad = "UIInterfaceOrientationPortrait UIInterfaceOrientationPortraitUpsideDown UIInterfaceOrientationLandscapeLeft UIInterfaceOrientationLandscapeRight";
				INFOPLIST_KEY_UISupportedInterfaceOrientations_iPhone = "UIInterfaceOrientationPortrait UIInterfaceOrientationLandscapeLeft UIInterfaceOrientationLandscapeRight";
				LD_RUNPATH_SEARCH_PATHS = (
					"$(inherited)",
					"@executable_path/Frameworks",
				);
				MARKETING_VERSION = 1.0;
				PRODUCT_BUNDLE_IDENTIFIER = group14.Controlio;
				PRODUCT_NAME = "$(TARGET_NAME)";
				SWIFT_EMIT_LOC_STRINGS = YES;
				SWIFT_VERSION = 5.0;
				TARGETED_DEVICE_FAMILY = "1,2";
			};
			name = Release;
		};
		8B9981862E8DB8A6003ADE4E /* Debug */ = {
			isa = XCBuildConfiguration;
			buildSettings = {
				BUNDLE_LOADER = "$(TEST_HOST)";
				CODE_SIGN_STYLE = Automatic;
				CURRENT_PROJECT_VERSION = 1;
				GENERATE_INFOPLIST_FILE = YES;
				IPHONEOS_DEPLOYMENT_TARGET = 18.5;
				MARKETING_VERSION = 1.0;
				PRODUCT_BUNDLE_IDENTIFIER = group14.ControlioTests;
				PRODUCT_NAME = "$(TARGET_NAME)";
				SWIFT_EMIT_LOC_STRINGS = NO;
				SWIFT_VERSION = 5.0;
				TARGETED_DEVICE_FAMILY = "1,2";
				TEST_HOST = "$(BUILT_PRODUCTS_DIR)/Controlio.app/$(BUNDLE_EXECUTABLE_FOLDER_PATH)/Controlio";
			};
			name = Debug;
		};
		8B9981872E8DB8A6003ADE4E /* Release */ = {
			isa = XCBuildConfiguration;
			buildSettings = {
				BUNDLE_LOADER = "$(TEST_HOST)";
				CODE_SIGN_STYLE = Automatic;
				CURRENT_PROJECT_VERSION = 1;
				GENERATE_INFOPLIST_FILE = YES;
				IPHONEOS_DEPLOYMENT_TARGET = 18.5;
				MARKETING_VERSION = 1.0;
				PRODUCT_BUNDLE_IDENTIFIER = group14.ControlioTests;
				PRODUCT_NAME = "$(TARGET_NAME)";
				SWIFT_EMIT_LOC_STRINGS = NO;
				SWIFT_VERSION = 5.0;
				TARGETED_DEVICE_FAMILY = "1,2";
				TEST_HOST = "$(BUILT_PRODUCTS_DIR)/Controlio.app/$(BUNDLE_EXECUTABLE_FOLDER_PATH)/Controlio";
			};
			name = Release;
		};
		8B9981892E8DB8A6003ADE4E /* Debug */ = {
			isa = XCBuildConfiguration;
			buildSettings = {
				CODE_SIGN_STYLE = Automatic;
				CURRENT_PROJECT_VERSION = 1;
				GENERATE_INFOPLIST_FILE = YES;
				MARKETING_VERSION = 1.0;
				PRODUCT_BUNDLE_IDENTIFIER = group14.ControlioUITests;
				PRODUCT_NAME = "$(TARGET_NAME)";
				SWIFT_EMIT_LOC_STRINGS = NO;
				SWIFT_VERSION = 5.0;
				TARGETED_DEVICE_FAMILY = "1,2";
				TEST_TARGET_NAME = Controlio;
			};
			name = Debug;
		};
		8B99818A2E8DB8A6003ADE4E /* Release */ = {
			isa = XCBuildConfiguration;
			buildSettings = {
				CODE_SIGN_STYLE = Automatic;
				CURRENT_PROJECT_VERSION = 1;
				GENERATE_INFOPLIST_FILE = YES;
				MARKETING_VERSION = 1.0;
				PRODUCT_BUNDLE_IDENTIFIER = group14.ControlioUITests;
				PRODUCT_NAME = "$(TARGET_NAME)";
				SWIFT_EMIT_LOC_STRINGS = NO;
				SWIFT_VERSION = 5.0;
				TARGETED_DEVICE_FAMILY = "1,2";
				TEST_TARGET_NAME = Controlio;
			};
			name = Release;
		};
		D57158F32EA5CDD8001BC23F /* Debug */ = {
			isa = XCBuildConfiguration;
			buildSettings = {
				ASSETCATALOG_COMPILER_APPICON_NAME = AppIcon;
				ASSETCATALOG_COMPILER_GLOBAL_ACCENT_COLOR_NAME = AccentColor;
				CODE_SIGN_STYLE = Automatic;
				CURRENT_PROJECT_VERSION = 1;
				DEVELOPMENT_TEAM = 9F9GC6KGQX;
				ENABLE_PREVIEWS = YES;
				GENERATE_INFOPLIST_FILE = YES;
				INFOPLIST_KEY_UIApplicationSceneManifest_Generation = YES;
				INFOPLIST_KEY_UIApplicationSupportsIndirectInputEvents = YES;
				INFOPLIST_KEY_UILaunchScreen_Generation = YES;
				INFOPLIST_KEY_UISupportedInterfaceOrientations_iPad = "UIInterfaceOrientationPortrait UIInterfaceOrientationPortraitUpsideDown UIInterfaceOrientationLandscapeLeft UIInterfaceOrientationLandscapeRight";
				INFOPLIST_KEY_UISupportedInterfaceOrientations_iPhone = "UIInterfaceOrientationPortrait UIInterfaceOrientationLandscapeLeft UIInterfaceOrientationLandscapeRight";
				LD_RUNPATH_SEARCH_PATHS = (
					"$(inherited)",
					"@executable_path/Frameworks",
				);
				MARKETING_VERSION = 1.0;
				PRODUCT_BUNDLE_IDENTIFIER = sui.ControlioApp;
				PRODUCT_NAME = "$(TARGET_NAME)";
				SWIFT_EMIT_LOC_STRINGS = YES;
				SWIFT_VERSION = 5.0;
				TARGETED_DEVICE_FAMILY = "1,2";
			};
			name = Debug;
		};
		D57158F42EA5CDD8001BC23F /* Release */ = {
			isa = XCBuildConfiguration;
			buildSettings = {
				ASSETCATALOG_COMPILER_APPICON_NAME = AppIcon;
				ASSETCATALOG_COMPILER_GLOBAL_ACCENT_COLOR_NAME = AccentColor;
				CODE_SIGN_STYLE = Automatic;
				CURRENT_PROJECT_VERSION = 1;
				DEVELOPMENT_TEAM = 9F9GC6KGQX;
				ENABLE_PREVIEWS = YES;
				GENERATE_INFOPLIST_FILE = YES;
				INFOPLIST_KEY_UIApplicationSceneManifest_Generation = YES;
				INFOPLIST_KEY_UIApplicationSupportsIndirectInputEvents = YES;
				INFOPLIST_KEY_UILaunchScreen_Generation = YES;
				INFOPLIST_KEY_UISupportedInterfaceOrientations_iPad = "UIInterfaceOrientationPortrait UIInterfaceOrientationPortraitUpsideDown UIInterfaceOrientationLandscapeLeft UIInterfaceOrientationLandscapeRight";
				INFOPLIST_KEY_UISupportedInterfaceOrientations_iPhone = "UIInterfaceOrientationPortrait UIInterfaceOrientationLandscapeLeft UIInterfaceOrientationLandscapeRight";
				LD_RUNPATH_SEARCH_PATHS = (
					"$(inherited)",
					"@executable_path/Frameworks",
				);
				MARKETING_VERSION = 1.0;
				PRODUCT_BUNDLE_IDENTIFIER = sui.ControlioApp;
				PRODUCT_NAME = "$(TARGET_NAME)";
				SWIFT_EMIT_LOC_STRINGS = YES;
				SWIFT_VERSION = 5.0;
				TARGETED_DEVICE_FAMILY = "1,2";
			};
			name = Release;
		};
/* End XCBuildConfiguration section */

/* Begin XCConfigurationList section */
		8B030E012EA15E120090D39F /* Build configuration list for PBXNativeTarget "ControlioReceiver" */ = {
			isa = XCConfigurationList;
			buildConfigurations = (
				8B030DFB2EA15E120090D39F /* Debug */,
				8B030DFC2EA15E120090D39F /* Release */,
			);
			defaultConfigurationIsVisible = 0;
			defaultConfigurationName = Release;
		};
		8B030E022EA15E120090D39F /* Build configuration list for PBXNativeTarget "ControlioReceiverTests" */ = {
			isa = XCConfigurationList;
			buildConfigurations = (
				8B030DFD2EA15E120090D39F /* Debug */,
				8B030DFE2EA15E120090D39F /* Release */,
			);
			defaultConfigurationIsVisible = 0;
			defaultConfigurationName = Release;
		};
		8B030E032EA15E120090D39F /* Build configuration list for PBXNativeTarget "ControlioReceiverUITests" */ = {
			isa = XCConfigurationList;
			buildConfigurations = (
				8B030DFF2EA15E120090D39F /* Debug */,
				8B030E002EA15E120090D39F /* Release */,
			);
			defaultConfigurationIsVisible = 0;
			defaultConfigurationName = Release;
		};
		8B99815C2E8DB89F003ADE4E /* Build configuration list for PBXProject "Controlio" */ = {
			isa = XCConfigurationList;
			buildConfigurations = (
				8B9981802E8DB8A6003ADE4E /* Debug */,
				8B9981812E8DB8A6003ADE4E /* Release */,
			);
			defaultConfigurationIsVisible = 0;
			defaultConfigurationName = Release;
		};
		8B9981822E8DB8A6003ADE4E /* Build configuration list for PBXNativeTarget "Controlio" */ = {
			isa = XCConfigurationList;
			buildConfigurations = (
				8B9981832E8DB8A6003ADE4E /* Debug */,
				8B9981842E8DB8A6003ADE4E /* Release */,
			);
			defaultConfigurationIsVisible = 0;
			defaultConfigurationName = Release;
		};
		8B9981852E8DB8A6003ADE4E /* Build configuration list for PBXNativeTarget "ControlioTests" */ = {
			isa = XCConfigurationList;
			buildConfigurations = (
				8B9981862E8DB8A6003ADE4E /* Debug */,
				8B9981872E8DB8A6003ADE4E /* Release */,
			);
			defaultConfigurationIsVisible = 0;
			defaultConfigurationName = Release;
		};
		8B9981882E8DB8A6003ADE4E /* Build configuration list for PBXNativeTarget "ControlioUITests" */ = {
			isa = XCConfigurationList;
			buildConfigurations = (
				8B9981892E8DB8A6003ADE4E /* Debug */,
				8B99818A2E8DB8A6003ADE4E /* Release */,
			);
			defaultConfigurationIsVisible = 0;
			defaultConfigurationName = Release;
		};
		D57158F22EA5CDD8001BC23F /* Build configuration list for PBXNativeTarget "ControlioApp" */ = {
			isa = XCConfigurationList;
			buildConfigurations = (
				D57158F32EA5CDD8001BC23F /* Debug */,
				D57158F42EA5CDD8001BC23F /* Release */,
			);
			defaultConfigurationIsVisible = 0;
			defaultConfigurationName = Release;
		};
/* End XCConfigurationList section */

/* Begin XCRemoteSwiftPackageReference section */
		D53398932EA900940049A130 /* XCRemoteSwiftPackageReference "firebase-ios-sdk" */ = {
			isa = XCRemoteSwiftPackageReference;
			repositoryURL = "https://github.com/firebase/firebase-ios-sdk";
			requirement = {
				kind = upToNextMajorVersion;
				minimumVersion = 12.4.0;
			};
		};
		D533989E2EA9672E0049A130 /* XCRemoteSwiftPackageReference "GoogleSignIn-iOS" */ = {
			isa = XCRemoteSwiftPackageReference;
			repositoryURL = "https://github.com/google/GoogleSignIn-iOS";
			requirement = {
				kind = upToNextMajorVersion;
				minimumVersion = 9.0.0;
			};
		};
		D53398A32EA967C10049A130 /* XCRemoteSwiftPackageReference "facebook-ios-sdk" */ = {
			isa = XCRemoteSwiftPackageReference;
			repositoryURL = "https://github.com/facebook/facebook-ios-sdk";
			requirement = {
				kind = upToNextMajorVersion;
				minimumVersion = 14.1.0;
			};
		};
/* End XCRemoteSwiftPackageReference section */

/* Begin XCSwiftPackageProductDependency section */
		D53398942EA900940049A130 /* FirebaseAnalytics */ = {
			isa = XCSwiftPackageProductDependency;
			package = D53398932EA900940049A130 /* XCRemoteSwiftPackageReference "firebase-ios-sdk" */;
			productName = FirebaseAnalytics;
		};
		D53398962EA900940049A130 /* FirebaseAuth */ = {
			isa = XCSwiftPackageProductDependency;
			package = D53398932EA900940049A130 /* XCRemoteSwiftPackageReference "firebase-ios-sdk" */;
			productName = FirebaseAuth;
		};
		D53398982EA900940049A130 /* FirebaseCore */ = {
			isa = XCSwiftPackageProductDependency;
			package = D53398932EA900940049A130 /* XCRemoteSwiftPackageReference "firebase-ios-sdk" */;
			productName = FirebaseCore;
		};
		D533989F2EA9672E0049A130 /* GoogleSignIn */ = {
			isa = XCSwiftPackageProductDependency;
			package = D533989E2EA9672E0049A130 /* XCRemoteSwiftPackageReference "GoogleSignIn-iOS" */;
			productName = GoogleSignIn;
		};
		D53398A12EA9672E0049A130 /* GoogleSignInSwift */ = {
			isa = XCSwiftPackageProductDependency;
			package = D533989E2EA9672E0049A130 /* XCRemoteSwiftPackageReference "GoogleSignIn-iOS" */;
			productName = GoogleSignInSwift;
		};
		D53398A42EA967C10049A130 /* FacebookLogin */ = {
			isa = XCSwiftPackageProductDependency;
			package = D53398A32EA967C10049A130 /* XCRemoteSwiftPackageReference "facebook-ios-sdk" */;
			productName = FacebookLogin;
		};
		D53398AC2EA974F20049A130 /* FirebaseAnalytics */ = {
			isa = XCSwiftPackageProductDependency;
			package = D53398932EA900940049A130 /* XCRemoteSwiftPackageReference "firebase-ios-sdk" */;
			productName = FirebaseAnalytics;
		};
		D53398AE2EA974F20049A130 /* FirebaseAuth */ = {
			isa = XCSwiftPackageProductDependency;
			package = D53398932EA900940049A130 /* XCRemoteSwiftPackageReference "firebase-ios-sdk" */;
			productName = FirebaseAuth;
		};
		D53398B02EA974F20049A130 /* FirebaseCore */ = {
			isa = XCSwiftPackageProductDependency;
			package = D53398932EA900940049A130 /* XCRemoteSwiftPackageReference "firebase-ios-sdk" */;
			productName = FirebaseCore;
		};
		D5486AA02EBE278C00B113B9 /* FirebaseFirestore */ = {
			isa = XCSwiftPackageProductDependency;
			productName = FirebaseFirestore;
		};
		D5486AA22EBE279B00B113B9 /* FirebaseFirestore */ = {
			isa = XCSwiftPackageProductDependency;
			productName = FirebaseFirestore;
		};
/* End XCSwiftPackageProductDependency section */
	};
	rootObject = 8B9981592E8DB89F003ADE4E /* Project object */;
}
